// !$*UTF8*$!
{
	archiveVersion = 1;
	classes = {
	};
	objectVersion = 46;
	objects = {

/* Begin PBXBuildFile section */
		93BFF3E91BE646E200EB4B29 /* main.m in Sources */ = {isa = PBXBuildFile; fileRef = 93BFF3E81BE646E200EB4B29 /* main.m */; };
		93BFF3EC1BE646E200EB4B29 /* AppDelegate.m in Sources */ = {isa = PBXBuildFile; fileRef = 93BFF3EB1BE646E200EB4B29 /* AppDelegate.m */; };
		93BFF3EF1BE646E200EB4B29 /* ViewController.m in Sources */ = {isa = PBXBuildFile; fileRef = 93BFF3EE1BE646E200EB4B29 /* ViewController.m */; };
		93BFF3F21BE646E200EB4B29 /* Main.storyboard in Resources */ = {isa = PBXBuildFile; fileRef = 93BFF3F01BE646E200EB4B29 /* Main.storyboard */; };
		93BFF3F41BE646E200EB4B29 /* Assets.xcassets in Resources */ = {isa = PBXBuildFile; fileRef = 93BFF3F31BE646E200EB4B29 /* Assets.xcassets */; };
		93BFF3F71BE646E200EB4B29 /* LaunchScreen.storyboard in Resources */ = {isa = PBXBuildFile; fileRef = 93BFF3F51BE646E200EB4B29 /* LaunchScreen.storyboard */; };
		93BFF4021BE646E200EB4B29 /* Demo1Tests.m in Sources */ = {isa = PBXBuildFile; fileRef = 93BFF4011BE646E200EB4B29 /* Demo1Tests.m */; };
/* End PBXBuildFile section */

/* Begin PBXContainerItemProxy section */
		93BFF3FE1BE646E200EB4B29 /* PBXContainerItemProxy */ = {
			isa = PBXContainerItemProxy;
			containerPortal = 93BFF3DC1BE646E200EB4B29 /* Project object */;
			proxyType = 1;
			remoteGlobalIDString = 93BFF3E31BE646E200EB4B29;
			remoteInfo = Demo1;
		};
/* End PBXContainerItemProxy section */

/* Begin PBXFileReference section */
		93BFF3E41BE646E200EB4B29 /* Demo1.app */ = {isa = PBXFileReference; explicitFileType = wrapper.application; includeInIndex = 0; path = Demo1.app; sourceTree = BUILT_PRODUCTS_DIR; };
		93BFF3E81BE646E200EB4B29 /* main.m */ = {isa = PBXFileReference; lastKnownFileType = sourcecode.c.objc; path = main.m; sourceTree = "<group>"; };
		93BFF3EA1BE646E200EB4B29 /* AppDelegate.h */ = {isa = PBXFileReference; lastKnownFileType = sourcecode.c.h; path = AppDelegate.h; sourceTree = "<group>"; };
		93BFF3EB1BE646E200EB4B29 /* AppDelegate.m */ = {isa = PBXFileReference; lastKnownFileType = sourcecode.c.objc; path = AppDelegate.m; sourceTree = "<group>"; };
		93BFF3ED1BE646E200EB4B29 /* ViewController.h */ = {isa = PBXFileReference; lastKnownFileType = sourcecode.c.h; path = ViewController.h; sourceTree = "<group>"; };
		93BFF3EE1BE646E200EB4B29 /* ViewController.m */ = {isa = PBXFileReference; lastKnownFileType = sourcecode.c.objc; path = ViewController.m; sourceTree = "<group>"; };
		93BFF3F11BE646E200EB4B29 /* Base */ = {isa = PBXFileReference; lastKnownFileType = file.storyboard; name = Base; path = Base.lproj/Main.storyboard; sourceTree = "<group>"; };
		93BFF3F31BE646E200EB4B29 /* Assets.xcassets */ = {isa = PBXFileReference; lastKnownFileType = folder.assetcatalog; path = Assets.xcassets; sourceTree = "<group>"; };
		93BFF3F61BE646E200EB4B29 /* Base */ = {isa = PBXFileReference; lastKnownFileType = file.storyboard; name = Base; path = Base.lproj/LaunchScreen.storyboard; sourceTree = "<group>"; };
		93BFF3F81BE646E200EB4B29 /* Info.plist */ = {isa = PBXFileReference; lastKnownFileType = text.plist.xml; path = Info.plist; sourceTree = "<group>"; };
		93BFF3FD1BE646E200EB4B29 /* Demo1Tests.xctest */ = {isa = PBXFileReference; explicitFileType = wrapper.cfbundle; includeInIndex = 0; path = Demo1Tests.xctest; sourceTree = BUILT_PRODUCTS_DIR; };
		93BFF4011BE646E200EB4B29 /* Demo1Tests.m */ = {isa = PBXFileReference; lastKnownFileType = sourcecode.c.objc; path = Demo1Tests.m; sourceTree = "<group>"; };
		93BFF4031BE646E200EB4B29 /* Info.plist */ = {isa = PBXFileReference; lastKnownFileType = text.plist.xml; path = Info.plist; sourceTree = "<group>"; };
/* End PBXFileReference section */

/* Begin PBXFrameworksBuildPhase section */
		93BFF3E11BE646E200EB4B29 /* Frameworks */ = {
			isa = PBXFrameworksBuildPhase;
			buildActionMask = 2147483647;
			files = (
			);
			runOnlyForDeploymentPostprocessing = 0;
		};
		93BFF3FA1BE646E200EB4B29 /* Frameworks */ = {
			isa = PBXFrameworksBuildPhase;
			buildActionMask = 2147483647;
			files = (
			);
			runOnlyForDeploymentPostprocessing = 0;
		};
/* End PBXFrameworksBuildPhase section */

/* Begin PBXGroup section */
		93BFF3DB1BE646E200EB4B29 = {
			isa = PBXGroup;
			children = (
				93BFF3E61BE646E200EB4B29 /* Demo1 */,
				93BFF4001BE646E200EB4B29 /* Demo1Tests */,
				93BFF3E51BE646E200EB4B29 /* Products */,
			);
			sourceTree = "<group>";
		};
		93BFF3E51BE646E200EB4B29 /* Products */ = {
			isa = PBXGroup;
			children = (
				93BFF3E41BE646E200EB4B29 /* Demo1.app */,
				93BFF3FD1BE646E200EB4B29 /* Demo1Tests.xctest */,
			);
			name = Products;
			sourceTree = "<group>";
		};
		93BFF3E61BE646E200EB4B29 /* Demo1 */ = {
			isa = PBXGroup;
			children = (
				93BFF3EA1BE646E200EB4B29 /* AppDelegate.h */,
				93BFF3EB1BE646E200EB4B29 /* AppDelegate.m */,
				93BFF3ED1BE646E200EB4B29 /* ViewController.h */,
				93BFF3EE1BE646E200EB4B29 /* ViewController.m */,
				93BFF3F01BE646E200EB4B29 /* Main.storyboard */,
				93BFF3F31BE646E200EB4B29 /* Assets.xcassets */,
				93BFF3F51BE646E200EB4B29 /* LaunchScreen.storyboard */,
				93BFF3F81BE646E200EB4B29 /* Info.plist */,
				93BFF3E71BE646E200EB4B29 /* Supporting Files */,
			);
			path = Demo1;
			sourceTree = "<group>";
		};
		93BFF3E71BE646E200EB4B29 /* Supporting Files */ = {
			isa = PBXGroup;
			children = (
				93BFF3E81BE646E200EB4B29 /* main.m */,
			);
			name = "Supporting Files";
			sourceTree = "<group>";
		};
		93BFF4001BE646E200EB4B29 /* Demo1Tests */ = {
			isa = PBXGroup;
			children = (
				93BFF4011BE646E200EB4B29 /* Demo1Tests.m */,
				93BFF4031BE646E200EB4B29 /* Info.plist */,
			);
			path = Demo1Tests;
			sourceTree = "<group>";
		};
/* End PBXGroup section */

/* Begin PBXNativeTarget section */
		93BFF3E31BE646E200EB4B29 /* Demo1 */ = {
			isa = PBXNativeTarget;
			buildConfigurationList = 93BFF4061BE646E200EB4B29 /* Build configuration list for PBXNativeTarget "Demo1" */;
			buildPhases = (
				93BFF3E01BE646E200EB4B29 /* Sources */,
				93BFF3E11BE646E200EB4B29 /* Frameworks */,
				93BFF3E21BE646E200EB4B29 /* Resources */,
				93BFF40C1BE649CA00EB4B29 /* Increment build */,
			);
			buildRules = (
			);
			dependencies = (
			);
			name = Demo1;
			productName = Demo1;
			productReference = 93BFF3E41BE646E200EB4B29 /* Demo1.app */;
			productType = "com.apple.product-type.application";
		};
		93BFF3FC1BE646E200EB4B29 /* Demo1Tests */ = {
			isa = PBXNativeTarget;
			buildConfigurationList = 93BFF4091BE646E200EB4B29 /* Build configuration list for PBXNativeTarget "Demo1Tests" */;
			buildPhases = (
				93BFF3F91BE646E200EB4B29 /* Sources */,
				93BFF3FA1BE646E200EB4B29 /* Frameworks */,
				93BFF3FB1BE646E200EB4B29 /* Resources */,
			);
			buildRules = (
			);
			dependencies = (
				93BFF3FF1BE646E200EB4B29 /* PBXTargetDependency */,
			);
			name = Demo1Tests;
			productName = Demo1Tests;
			productReference = 93BFF3FD1BE646E200EB4B29 /* Demo1Tests.xctest */;
			productType = "com.apple.product-type.bundle.unit-test";
		};
/* End PBXNativeTarget section */

/* Begin PBXProject section */
		93BFF3DC1BE646E200EB4B29 /* Project object */ = {
			isa = PBXProject;
			attributes = {
				LastUpgradeCheck = 0710;
				ORGANIZATIONNAME = demo;
				TargetAttributes = {
					93BFF3E31BE646E200EB4B29 = {
						CreatedOnToolsVersion = 7.1;
					};
					93BFF3FC1BE646E200EB4B29 = {
						CreatedOnToolsVersion = 7.1;
						TestTargetID = 93BFF3E31BE646E200EB4B29;
					};
				};
			};
			buildConfigurationList = 93BFF3DF1BE646E200EB4B29 /* Build configuration list for PBXProject "Demo1" */;
			compatibilityVersion = "Xcode 3.2";
			developmentRegion = English;
			hasScannedForEncodings = 0;
			knownRegions = (
				en,
				Base,
			);
			mainGroup = 93BFF3DB1BE646E200EB4B29;
			productRefGroup = 93BFF3E51BE646E200EB4B29 /* Products */;
			projectDirPath = "";
			projectRoot = "";
			targets = (
				93BFF3E31BE646E200EB4B29 /* Demo1 */,
				93BFF3FC1BE646E200EB4B29 /* Demo1Tests */,
			);
		};
/* End PBXProject section */

/* Begin PBXResourcesBuildPhase section */
		93BFF3E21BE646E200EB4B29 /* Resources */ = {
			isa = PBXResourcesBuildPhase;
			buildActionMask = 2147483647;
			files = (
				93BFF3F71BE646E200EB4B29 /* LaunchScreen.storyboard in Resources */,
				93BFF3F41BE646E200EB4B29 /* Assets.xcassets in Resources */,
				93BFF3F21BE646E200EB4B29 /* Main.storyboard in Resources */,
			);
			runOnlyForDeploymentPostprocessing = 0;
		};
		93BFF3FB1BE646E200EB4B29 /* Resources */ = {
			isa = PBXResourcesBuildPhase;
			buildActionMask = 2147483647;
			files = (
			);
			runOnlyForDeploymentPostprocessing = 0;
		};
/* End PBXResourcesBuildPhase section */

/* Begin PBXShellScriptBuildPhase section */
		93BFF40C1BE649CA00EB4B29 /* Increment build */ = {
			isa = PBXShellScriptBuildPhase;
			buildActionMask = 2147483647;
			files = (
			);
			inputPaths = (
			);
			name = "Increment build";
			outputPaths = (
			);
			runOnlyForDeploymentPostprocessing = 0;
			shellPath = /bin/sh;
			shellScript = "#!/bin/bash\nbuildNumber=$(/usr/libexec/PlistBuddy -c \"Print CFBundleVersion\" \"$INFOPLIST_FILE\")\nbuildNumber=$(($buildNumber + 1))\nbuildNumber=$(printf \"%d\" $buildNumber)\n/usr/libexec/PlistBuddy -c \"Set :CFBundleVersion $buildNumber\" \"$INFOPLIST_FILE\"";
		};
/* End PBXShellScriptBuildPhase section */

/* Begin PBXSourcesBuildPhase section */
		93BFF3E01BE646E200EB4B29 /* Sources */ = {
			isa = PBXSourcesBuildPhase;
			buildActionMask = 2147483647;
			files = (
				93BFF3EF1BE646E200EB4B29 /* ViewController.m in Sources */,
				93BFF3EC1BE646E200EB4B29 /* AppDelegate.m in Sources */,
				93BFF3E91BE646E200EB4B29 /* main.m in Sources */,
			);
			runOnlyForDeploymentPostprocessing = 0;
		};
		93BFF3F91BE646E200EB4B29 /* Sources */ = {
			isa = PBXSourcesBuildPhase;
			buildActionMask = 2147483647;
			files = (
				93BFF4021BE646E200EB4B29 /* Demo1Tests.m in Sources */,
			);
			runOnlyForDeploymentPostprocessing = 0;
		};
/* End PBXSourcesBuildPhase section */

/* Begin PBXTargetDependency section */
		93BFF3FF1BE646E200EB4B29 /* PBXTargetDependency */ = {
			isa = PBXTargetDependency;
			target = 93BFF3E31BE646E200EB4B29 /* Demo1 */;
			targetProxy = 93BFF3FE1BE646E200EB4B29 /* PBXContainerItemProxy */;
		};
/* End PBXTargetDependency section */

/* Begin PBXVariantGroup section */
		93BFF3F01BE646E200EB4B29 /* Main.storyboard */ = {
			isa = PBXVariantGroup;
			children = (
				93BFF3F11BE646E200EB4B29 /* Base */,
			);
			name = Main.storyboard;
			sourceTree = "<group>";
		};
		93BFF3F51BE646E200EB4B29 /* LaunchScreen.storyboard */ = {
			isa = PBXVariantGroup;
			children = (
				93BFF3F61BE646E200EB4B29 /* Base */,
			);
			name = LaunchScreen.storyboard;
			sourceTree = "<group>";
		};
/* End PBXVariantGroup section */

/* Begin XCBuildConfiguration section */
		93BFF4041BE646E200EB4B29 /* Debug */ = {
			isa = XCBuildConfiguration;
			buildSettings = {
				ALWAYS_SEARCH_USER_PATHS = NO;
				CLANG_CXX_LANGUAGE_STANDARD = "gnu++0x";
				CLANG_CXX_LIBRARY = "libc++";
				CLANG_ENABLE_MODULES = YES;
				CLANG_ENABLE_OBJC_ARC = YES;
				CLANG_WARN_BOOL_CONVERSION = YES;
				CLANG_WARN_CONSTANT_CONVERSION = YES;
				CLANG_WARN_DIRECT_OBJC_ISA_USAGE = YES_ERROR;
				CLANG_WARN_EMPTY_BODY = YES;
				CLANG_WARN_ENUM_CONVERSION = YES;
				CLANG_WARN_INT_CONVERSION = YES;
				CLANG_WARN_OBJC_ROOT_CLASS = YES_ERROR;
				CLANG_WARN_UNREACHABLE_CODE = YES;
				CLANG_WARN__DUPLICATE_METHOD_MATCH = YES;
				"CODE_SIGN_IDENTITY[sdk=iphoneos*]" = "iPhone Developer";
				COPY_PHASE_STRIP = NO;
				DEBUG_INFORMATION_FORMAT = dwarf;
				ENABLE_STRICT_OBJC_MSGSEND = YES;
				ENABLE_TESTABILITY = YES;
				GCC_C_LANGUAGE_STANDARD = gnu99;
				GCC_DYNAMIC_NO_PIC = NO;
				GCC_NO_COMMON_BLOCKS = YES;
				GCC_OPTIMIZATION_LEVEL = 0;
				GCC_PREPROCESSOR_DEFINITIONS = (
					"DEBUG=1",
					"$(inherited)",
				);
				GCC_WARN_64_TO_32_BIT_CONVERSION = YES;
				GCC_WARN_ABOUT_RETURN_TYPE = YES_ERROR;
				GCC_WARN_UNDECLARED_SELECTOR = YES;
				GCC_WARN_UNINITIALIZED_AUTOS = YES_AGGRESSIVE;
				GCC_WARN_UNUSED_FUNCTION = YES;
				GCC_WARN_UNUSED_VARIABLE = YES;
				IPHONEOS_DEPLOYMENT_TARGET = 9.1;
				MTL_ENABLE_DEBUG_INFO = YES;
				ONLY_ACTIVE_ARCH = YES;
				SDKROOT = iphoneos;
			};
			name = Debug;
		};
		93BFF4051BE646E200EB4B29 /* Release */ = {
			isa = XCBuildConfiguration;
			buildSettings = {
				ALWAYS_SEARCH_USER_PATHS = NO;
				CLANG_CXX_LANGUAGE_STANDARD = "gnu++0x";
				CLANG_CXX_LIBRARY = "libc++";
				CLANG_ENABLE_MODULES = YES;
				CLANG_ENABLE_OBJC_ARC = YES;
				CLANG_WARN_BOOL_CONVERSION = YES;
				CLANG_WARN_CONSTANT_CONVERSION = YES;
				CLANG_WARN_DIRECT_OBJC_ISA_USAGE = YES_ERROR;
				CLANG_WARN_EMPTY_BODY = YES;
				CLANG_WARN_ENUM_CONVERSION = YES;
				CLANG_WARN_INT_CONVERSION = YES;
				CLANG_WARN_OBJC_ROOT_CLASS = YES_ERROR;
				CLANG_WARN_UNREACHABLE_CODE = YES;
				CLANG_WARN__DUPLICATE_METHOD_MATCH = YES;
				"CODE_SIGN_IDENTITY[sdk=iphoneos*]" = "iPhone Developer";
				COPY_PHASE_STRIP = NO;
				DEBUG_INFORMATION_FORMAT = "dwarf-with-dsym";
				ENABLE_NS_ASSERTIONS = NO;
				ENABLE_STRICT_OBJC_MSGSEND = YES;
				GCC_C_LANGUAGE_STANDARD = gnu99;
				GCC_NO_COMMON_BLOCKS = YES;
				GCC_WARN_64_TO_32_BIT_CONVERSION = YES;
				GCC_WARN_ABOUT_RETURN_TYPE = YES_ERROR;
				GCC_WARN_UNDECLARED_SELECTOR = YES;
				GCC_WARN_UNINITIALIZED_AUTOS = YES_AGGRESSIVE;
				GCC_WARN_UNUSED_FUNCTION = YES;
				GCC_WARN_UNUSED_VARIABLE = YES;
				IPHONEOS_DEPLOYMENT_TARGET = 9.1;
				MTL_ENABLE_DEBUG_INFO = NO;
				SDKROOT = iphoneos;
				VALIDATE_PRODUCT = YES;
			};
			name = Release;
		};
		93BFF4071BE646E200EB4B29 /* Debug */ = {
			isa = XCBuildConfiguration;
			buildSettings = {
				ASSETCATALOG_COMPILER_APPICON_NAME = AppIcon;
				INFOPLIST_FILE = Demo1/Info.plist;
				LD_RUNPATH_SEARCH_PATHS = "$(inherited) @executable_path/Frameworks";
				PRODUCT_BUNDLE_IDENTIFIER = demo.Demo1;
				PRODUCT_NAME = "$(TARGET_NAME)";
			};
			name = Debug;
		};
		93BFF4081BE646E200EB4B29 /* Release */ = {
			isa = XCBuildConfiguration;
			buildSettings = {
				ASSETCATALOG_COMPILER_APPICON_NAME = AppIcon;
				INFOPLIST_FILE = Demo1/Info.plist;
				LD_RUNPATH_SEARCH_PATHS = "$(inherited) @executable_path/Frameworks";
				PRODUCT_BUNDLE_IDENTIFIER = demo.Demo1;
				PRODUCT_NAME = "$(TARGET_NAME)";
			};
			name = Release;
		};
		93BFF40A1BE646E200EB4B29 /* Debug */ = {
			isa = XCBuildConfiguration;
			buildSettings = {
				BUNDLE_LOADER = "$(TEST_HOST)";
				INFOPLIST_FILE = Demo1Tests/Info.plist;
				LD_RUNPATH_SEARCH_PATHS = "$(inherited) @executable_path/Frameworks @loader_path/Frameworks";
				PRODUCT_BUNDLE_IDENTIFIER = demo.Demo1Tests;
				PRODUCT_NAME = "$(TARGET_NAME)";
				TEST_HOST = "$(BUILT_PRODUCTS_DIR)/Demo1.app/Demo1";
			};
			name = Debug;
		};
		93BFF40B1BE646E200EB4B29 /* Release */ = {
			isa = XCBuildConfiguration;
			buildSettings = {
				BUNDLE_LOADER = "$(TEST_HOST)";
				INFOPLIST_FILE = Demo1Tests/Info.plist;
				LD_RUNPATH_SEARCH_PATHS = "$(inherited) @executable_path/Frameworks @loader_path/Frameworks";
				PRODUCT_BUNDLE_IDENTIFIER = demo.Demo1Tests;
				PRODUCT_NAME = "$(TARGET_NAME)";
				TEST_HOST = "$(BUILT_PRODUCTS_DIR)/Demo1.app/Demo1";
			};
			name = Release;
		};
/* End XCBuildConfiguration section */

/* Begin XCConfigurationList section */
		93BFF3DF1BE646E200EB4B29 /* Build configuration list for PBXProject "Demo1" */ = {
			isa = XCConfigurationList;
			buildConfigurations = (
				93BFF4041BE646E200EB4B29 /* Debug */,
				93BFF4051BE646E200EB4B29 /* Release */,
			);
			defaultConfigurationIsVisible = 0;
			defaultConfigurationName = Release;
		};
		93BFF4061BE646E200EB4B29 /* Build configuration list for PBXNativeTarget "Demo1" */ = {
			isa = XCConfigurationList;
			buildConfigurations = (
				93BFF4071BE646E200EB4B29 /* Debug */,
				93BFF4081BE646E200EB4B29 /* Release */,
			);
			defaultConfigurationIsVisible = 0;
		};
		93BFF4091BE646E200EB4B29 /* Build configuration list for PBXNativeTarget "Demo1Tests" */ = {
			isa = XCConfigurationList;
			buildConfigurations = (
				93BFF40A1BE646E200EB4B29 /* Debug */,
				93BFF40B1BE646E200EB4B29 /* Release */,
			);
			defaultConfigurationIsVisible = 0;
		};
/* End XCConfigurationList section */
	};
	rootObject = 93BFF3DC1BE646E200EB4B29 /* Project object */;
}
