// !$*UTF8*$!
{
	archiveVersion = 1;
	classes = {
	};
	objectVersion = 46;
	objects = {

/* Begin PBXBuildFile section */
		930F70D61BE652FD00F18626 /* DEMStoreVC.m in Sources */ = {isa = PBXBuildFile; fileRef = 930F70D51BE652FD00F18626 /* DEMStoreVC.m */; };
		930F70D91BE6535900F18626 /* DEMStoreVM.m in Sources */ = {isa = PBXBuildFile; fileRef = 930F70D81BE6535900F18626 /* DEMStoreVM.m */; };
		930F70DE1BE6557A00F18626 /* DEMGravizzappa.m in Sources */ = {isa = PBXBuildFile; fileRef = 930F70DD1BE6557A00F18626 /* DEMGravizzappa.m */; };
		930F70DF1BE6557A00F18626 /* DEMGravizzappa.m in Sources */ = {isa = PBXBuildFile; fileRef = 930F70DD1BE6557A00F18626 /* DEMGravizzappa.m */; };
		930F70E21BE6572B00F18626 /* DEMGameVM.m in Sources */ = {isa = PBXBuildFile; fileRef = 930F70E11BE6572B00F18626 /* DEMGameVM.m */; };
		930F70E31BE6572B00F18626 /* DEMGameVM.m in Sources */ = {isa = PBXBuildFile; fileRef = 930F70E11BE6572B00F18626 /* DEMGameVM.m */; };
		930F70E71BE6589200F18626 /* DEMStoreItemCell.m in Sources */ = {isa = PBXBuildFile; fileRef = 930F70E61BE6589200F18626 /* DEMStoreItemCell.m */; };
		930F70E81BE6589200F18626 /* DEMStoreItemCell.m in Sources */ = {isa = PBXBuildFile; fileRef = 930F70E61BE6589200F18626 /* DEMStoreItemCell.m */; };
		930F70EB1BE65D8A00F18626 /* DEMWarehouseVM.m in Sources */ = {isa = PBXBuildFile; fileRef = 930F70EA1BE65D8A00F18626 /* DEMWarehouseVM.m */; };
		930F70EC1BE65D8A00F18626 /* DEMWarehouseVM.m in Sources */ = {isa = PBXBuildFile; fileRef = 930F70EA1BE65D8A00F18626 /* DEMWarehouseVM.m */; };
		930F70EF1BE65E2100F18626 /* DEMEnergyCellModel.m in Sources */ = {isa = PBXBuildFile; fileRef = 930F70EE1BE65E2100F18626 /* DEMEnergyCellModel.m */; };
		930F70F01BE65E2100F18626 /* DEMEnergyCellModel.m in Sources */ = {isa = PBXBuildFile; fileRef = 930F70EE1BE65E2100F18626 /* DEMEnergyCellModel.m */; };
		932BE4851BEA6B4200201FA3 /* DEMWaveSpec.m in Sources */ = {isa = PBXBuildFile; fileRef = 932BE4841BEA6B4200201FA3 /* DEMWaveSpec.m */; };
		93BFF3E91BE646E200EB4B29 /* main.m in Sources */ = {isa = PBXBuildFile; fileRef = 93BFF3E81BE646E200EB4B29 /* main.m */; };
		93BFF3EC1BE646E200EB4B29 /* AppDelegate.m in Sources */ = {isa = PBXBuildFile; fileRef = 93BFF3EB1BE646E200EB4B29 /* AppDelegate.m */; };
		93BFF3EF1BE646E200EB4B29 /* ViewController.m in Sources */ = {isa = PBXBuildFile; fileRef = 93BFF3EE1BE646E200EB4B29 /* ViewController.m */; };
		93BFF3F21BE646E200EB4B29 /* Main.storyboard in Resources */ = {isa = PBXBuildFile; fileRef = 93BFF3F01BE646E200EB4B29 /* Main.storyboard */; };
		93BFF3F41BE646E200EB4B29 /* Assets.xcassets in Resources */ = {isa = PBXBuildFile; fileRef = 93BFF3F31BE646E200EB4B29 /* Assets.xcassets */; };
		93BFF3F71BE646E200EB4B29 /* LaunchScreen.storyboard in Resources */ = {isa = PBXBuildFile; fileRef = 93BFF3F51BE646E200EB4B29 /* LaunchScreen.storyboard */; };
		93BFF40F1BE64B5B00EB4B29 /* DEMBaseVC.m in Sources */ = {isa = PBXBuildFile; fileRef = 93BFF40E1BE64B5B00EB4B29 /* DEMBaseVC.m */; };
		93BFF4131BE64D6100EB4B29 /* DEMMotherShipVM.m in Sources */ = {isa = PBXBuildFile; fileRef = 93BFF4121BE64D6100EB4B29 /* DEMMotherShipVM.m */; };
		93BFF4141BE64D6100EB4B29 /* DEMMotherShipVM.m in Sources */ = {isa = PBXBuildFile; fileRef = 93BFF4121BE64D6100EB4B29 /* DEMMotherShipVM.m */; };
		93CB41401BE9DD5B00992134 /* DEMWarehouseVMSpec.m in Sources */ = {isa = PBXBuildFile; fileRef = 93CB413F1BE9DD5B00992134 /* DEMWarehouseVMSpec.m */; };
		93CB41411BE9E49000992134 /* DEMStoreVM.m in Sources */ = {isa = PBXBuildFile; fileRef = 930F70D81BE6535900F18626 /* DEMStoreVM.m */; };
		93CB43361BEA3F6F00992134 /* DEMMotherShipVMSpec.m in Sources */ = {isa = PBXBuildFile; fileRef = 93CB43351BEA3F6F00992134 /* DEMMotherShipVMSpec.m */; };
		93CB43391BEA42D900992134 /* DEMGameCore.m in Sources */ = {isa = PBXBuildFile; fileRef = 93CB43381BEA42D900992134 /* DEMGameCore.m */; };
		93CB433C1BEA43B100992134 /* DEMGameEngine.m in Sources */ = {isa = PBXBuildFile; fileRef = 93CB433B1BEA43B100992134 /* DEMGameEngine.m */; };
		93CB433E1BEA44F500992134 /* DEMGameEngineSpec.m in Sources */ = {isa = PBXBuildFile; fileRef = 93CB433D1BEA44F500992134 /* DEMGameEngineSpec.m */; };
		93CB433F1BEA45B200992134 /* DEMGameEngine.m in Sources */ = {isa = PBXBuildFile; fileRef = 93CB433B1BEA43B100992134 /* DEMGameEngine.m */; };
		93CB43421BEA53DE00992134 /* DEMStoreVMSpec.m in Sources */ = {isa = PBXBuildFile; fileRef = 93CB43411BEA53DE00992134 /* DEMStoreVMSpec.m */; };
		93CB43451BEA58FE00992134 /* DEMWaveEngine.m in Sources */ = {isa = PBXBuildFile; fileRef = 93CB43441BEA58FE00992134 /* DEMWaveEngine.m */; };
		93CB43461BEA590600992134 /* DEMWaveEngine.m in Sources */ = {isa = PBXBuildFile; fileRef = 93CB43441BEA58FE00992134 /* DEMWaveEngine.m */; };
		93CB434A1BEA5D8C00992134 /* DEMWave.m in Sources */ = {isa = PBXBuildFile; fileRef = 93CB43491BEA5D8C00992134 /* DEMWave.m */; };
		93CB434B1BEA5D8C00992134 /* DEMWave.m in Sources */ = {isa = PBXBuildFile; fileRef = 93CB43491BEA5D8C00992134 /* DEMWave.m */; };
		B7CB441D062B7C5F3C55FE60 /* Pods_Demo1Tests.framework in Frameworks */ = {isa = PBXBuildFile; fileRef = A681A05573403E4E62047105 /* Pods_Demo1Tests.framework */; };
		E2130BA60C35D8CD16147B26 /* Pods_Demo1.framework in Frameworks */ = {isa = PBXBuildFile; fileRef = 72F039815E1FD4EA46FFC19A /* Pods_Demo1.framework */; };
/* End PBXBuildFile section */

/* Begin PBXContainerItemProxy section */
		93BFF3FE1BE646E200EB4B29 /* PBXContainerItemProxy */ = {
			isa = PBXContainerItemProxy;
			containerPortal = 93BFF3DC1BE646E200EB4B29 /* Project object */;
			proxyType = 1;
			remoteGlobalIDString = 93BFF3E31BE646E200EB4B29;
			remoteInfo = Demo1;
		};
/* End PBXContainerItemProxy section */

/* Begin PBXFileReference section */
		72F039815E1FD4EA46FFC19A /* Pods_Demo1.framework */ = {isa = PBXFileReference; explicitFileType = wrapper.framework; includeInIndex = 0; path = Pods_Demo1.framework; sourceTree = BUILT_PRODUCTS_DIR; };
		77D90EAE768F62B9B31204C2 /* Pods-Demo1.debug.xcconfig */ = {isa = PBXFileReference; includeInIndex = 1; lastKnownFileType = text.xcconfig; name = "Pods-Demo1.debug.xcconfig"; path = "Pods/Target Support Files/Pods-Demo1/Pods-Demo1.debug.xcconfig"; sourceTree = "<group>"; };
		930F70D41BE652FD00F18626 /* DEMStoreVC.h */ = {isa = PBXFileReference; fileEncoding = 4; lastKnownFileType = sourcecode.c.h; path = DEMStoreVC.h; sourceTree = "<group>"; };
		930F70D51BE652FD00F18626 /* DEMStoreVC.m */ = {isa = PBXFileReference; fileEncoding = 4; lastKnownFileType = sourcecode.c.objc; path = DEMStoreVC.m; sourceTree = "<group>"; };
		930F70D71BE6535900F18626 /* DEMStoreVM.h */ = {isa = PBXFileReference; fileEncoding = 4; lastKnownFileType = sourcecode.c.h; path = DEMStoreVM.h; sourceTree = "<group>"; };
		930F70D81BE6535900F18626 /* DEMStoreVM.m */ = {isa = PBXFileReference; fileEncoding = 4; lastKnownFileType = sourcecode.c.objc; path = DEMStoreVM.m; sourceTree = "<group>"; };
		930F70DB1BE653BB00F18626 /* DEMStoreItem.h */ = {isa = PBXFileReference; fileEncoding = 4; lastKnownFileType = sourcecode.c.h; path = DEMStoreItem.h; sourceTree = "<group>"; };
		930F70DC1BE6557A00F18626 /* DEMGravizzappa.h */ = {isa = PBXFileReference; fileEncoding = 4; lastKnownFileType = sourcecode.c.h; path = DEMGravizzappa.h; sourceTree = "<group>"; };
		930F70DD1BE6557A00F18626 /* DEMGravizzappa.m */ = {isa = PBXFileReference; fileEncoding = 4; lastKnownFileType = sourcecode.c.objc; path = DEMGravizzappa.m; sourceTree = "<group>"; };
		930F70E01BE6572B00F18626 /* DEMGameVM.h */ = {isa = PBXFileReference; fileEncoding = 4; lastKnownFileType = sourcecode.c.h; path = DEMGameVM.h; sourceTree = "<group>"; };
		930F70E11BE6572B00F18626 /* DEMGameVM.m */ = {isa = PBXFileReference; fileEncoding = 4; lastKnownFileType = sourcecode.c.objc; path = DEMGameVM.m; sourceTree = "<group>"; };
		930F70E51BE6589200F18626 /* DEMStoreItemCell.h */ = {isa = PBXFileReference; fileEncoding = 4; lastKnownFileType = sourcecode.c.h; path = DEMStoreItemCell.h; sourceTree = "<group>"; };
		930F70E61BE6589200F18626 /* DEMStoreItemCell.m */ = {isa = PBXFileReference; fileEncoding = 4; lastKnownFileType = sourcecode.c.objc; path = DEMStoreItemCell.m; sourceTree = "<group>"; };
		930F70E91BE65D8A00F18626 /* DEMWarehouseVM.h */ = {isa = PBXFileReference; fileEncoding = 4; lastKnownFileType = sourcecode.c.h; path = DEMWarehouseVM.h; sourceTree = "<group>"; };
		930F70EA1BE65D8A00F18626 /* DEMWarehouseVM.m */ = {isa = PBXFileReference; fileEncoding = 4; lastKnownFileType = sourcecode.c.objc; path = DEMWarehouseVM.m; sourceTree = "<group>"; };
		930F70ED1BE65E2100F18626 /* DEMEnergyCellModel.h */ = {isa = PBXFileReference; fileEncoding = 4; lastKnownFileType = sourcecode.c.h; path = DEMEnergyCellModel.h; sourceTree = "<group>"; };
		930F70EE1BE65E2100F18626 /* DEMEnergyCellModel.m */ = {isa = PBXFileReference; fileEncoding = 4; lastKnownFileType = sourcecode.c.objc; path = DEMEnergyCellModel.m; sourceTree = "<group>"; };
		930F70F21BE6667000F18626 /* DEMWarehouseItem.h */ = {isa = PBXFileReference; fileEncoding = 4; lastKnownFileType = sourcecode.c.h; path = DEMWarehouseItem.h; sourceTree = "<group>"; };
		932BE4841BEA6B4200201FA3 /* DEMWaveSpec.m */ = {isa = PBXFileReference; fileEncoding = 4; lastKnownFileType = sourcecode.c.objc; path = DEMWaveSpec.m; sourceTree = "<group>"; };
		93BFF3E41BE646E200EB4B29 /* Demo1.app */ = {isa = PBXFileReference; explicitFileType = wrapper.application; includeInIndex = 0; path = Demo1.app; sourceTree = BUILT_PRODUCTS_DIR; };
		93BFF3E81BE646E200EB4B29 /* main.m */ = {isa = PBXFileReference; lastKnownFileType = sourcecode.c.objc; path = main.m; sourceTree = "<group>"; };
		93BFF3EA1BE646E200EB4B29 /* AppDelegate.h */ = {isa = PBXFileReference; lastKnownFileType = sourcecode.c.h; path = AppDelegate.h; sourceTree = "<group>"; };
		93BFF3EB1BE646E200EB4B29 /* AppDelegate.m */ = {isa = PBXFileReference; lastKnownFileType = sourcecode.c.objc; path = AppDelegate.m; sourceTree = "<group>"; };
		93BFF3ED1BE646E200EB4B29 /* ViewController.h */ = {isa = PBXFileReference; lastKnownFileType = sourcecode.c.h; path = ViewController.h; sourceTree = "<group>"; };
		93BFF3EE1BE646E200EB4B29 /* ViewController.m */ = {isa = PBXFileReference; lastKnownFileType = sourcecode.c.objc; path = ViewController.m; sourceTree = "<group>"; };
		93BFF3F11BE646E200EB4B29 /* Base */ = {isa = PBXFileReference; lastKnownFileType = file.storyboard; name = Base; path = Base.lproj/Main.storyboard; sourceTree = "<group>"; };
		93BFF3F31BE646E200EB4B29 /* Assets.xcassets */ = {isa = PBXFileReference; lastKnownFileType = folder.assetcatalog; path = Assets.xcassets; sourceTree = "<group>"; };
		93BFF3F61BE646E200EB4B29 /* Base */ = {isa = PBXFileReference; lastKnownFileType = file.storyboard; name = Base; path = Base.lproj/LaunchScreen.storyboard; sourceTree = "<group>"; };
		93BFF3F81BE646E200EB4B29 /* Info.plist */ = {isa = PBXFileReference; lastKnownFileType = text.plist.xml; path = Info.plist; sourceTree = "<group>"; };
		93BFF3FD1BE646E200EB4B29 /* Demo1Tests.xctest */ = {isa = PBXFileReference; explicitFileType = wrapper.cfbundle; includeInIndex = 0; path = Demo1Tests.xctest; sourceTree = BUILT_PRODUCTS_DIR; };
		93BFF4031BE646E200EB4B29 /* Info.plist */ = {isa = PBXFileReference; lastKnownFileType = text.plist.xml; path = Info.plist; sourceTree = "<group>"; };
		93BFF40D1BE64B5B00EB4B29 /* DEMBaseVC.h */ = {isa = PBXFileReference; fileEncoding = 4; lastKnownFileType = sourcecode.c.h; path = DEMBaseVC.h; sourceTree = "<group>"; };
		93BFF40E1BE64B5B00EB4B29 /* DEMBaseVC.m */ = {isa = PBXFileReference; fileEncoding = 4; lastKnownFileType = sourcecode.c.objc; path = DEMBaseVC.m; sourceTree = "<group>"; };
		93BFF4111BE64D6100EB4B29 /* DEMMotherShipVM.h */ = {isa = PBXFileReference; fileEncoding = 4; lastKnownFileType = sourcecode.c.h; path = DEMMotherShipVM.h; sourceTree = "<group>"; };
		93BFF4121BE64D6100EB4B29 /* DEMMotherShipVM.m */ = {isa = PBXFileReference; fileEncoding = 4; lastKnownFileType = sourcecode.c.objc; path = DEMMotherShipVM.m; sourceTree = "<group>"; };
		93CB413F1BE9DD5B00992134 /* DEMWarehouseVMSpec.m */ = {isa = PBXFileReference; fileEncoding = 4; lastKnownFileType = sourcecode.c.objc; path = DEMWarehouseVMSpec.m; sourceTree = "<group>"; };
		93CB43341BEA3DB300992134 /* DEMBattleProtocol.h */ = {isa = PBXFileReference; fileEncoding = 4; lastKnownFileType = sourcecode.c.h; path = DEMBattleProtocol.h; sourceTree = "<group>"; };
		93CB43351BEA3F6F00992134 /* DEMMotherShipVMSpec.m */ = {isa = PBXFileReference; fileEncoding = 4; lastKnownFileType = sourcecode.c.objc; path = DEMMotherShipVMSpec.m; sourceTree = "<group>"; };
		93CB43371BEA42D900992134 /* DEMGameCore.h */ = {isa = PBXFileReference; fileEncoding = 4; lastKnownFileType = sourcecode.c.h; path = DEMGameCore.h; sourceTree = "<group>"; };
		93CB43381BEA42D900992134 /* DEMGameCore.m */ = {isa = PBXFileReference; fileEncoding = 4; lastKnownFileType = sourcecode.c.objc; path = DEMGameCore.m; sourceTree = "<group>"; };
		93CB433A1BEA43B100992134 /* DEMGameEngine.h */ = {isa = PBXFileReference; fileEncoding = 4; lastKnownFileType = sourcecode.c.h; path = DEMGameEngine.h; sourceTree = "<group>"; };
		93CB433B1BEA43B100992134 /* DEMGameEngine.m */ = {isa = PBXFileReference; fileEncoding = 4; lastKnownFileType = sourcecode.c.objc; path = DEMGameEngine.m; sourceTree = "<group>"; };
		93CB433D1BEA44F500992134 /* DEMGameEngineSpec.m */ = {isa = PBXFileReference; fileEncoding = 4; lastKnownFileType = sourcecode.c.objc; path = DEMGameEngineSpec.m; sourceTree = "<group>"; };
		93CB43401BEA4D5800992134 /* DEMGameEngineProtocol.h */ = {isa = PBXFileReference; fileEncoding = 4; lastKnownFileType = sourcecode.c.h; path = DEMGameEngineProtocol.h; sourceTree = "<group>"; };
		93CB43411BEA53DE00992134 /* DEMStoreVMSpec.m */ = {isa = PBXFileReference; fileEncoding = 4; lastKnownFileType = sourcecode.c.objc; path = DEMStoreVMSpec.m; sourceTree = "<group>"; };
		93CB43431BEA58FE00992134 /* DEMWaveEngine.h */ = {isa = PBXFileReference; fileEncoding = 4; lastKnownFileType = sourcecode.c.h; path = DEMWaveEngine.h; sourceTree = "<group>"; };
		93CB43441BEA58FE00992134 /* DEMWaveEngine.m */ = {isa = PBXFileReference; fileEncoding = 4; lastKnownFileType = sourcecode.c.objc; path = DEMWaveEngine.m; sourceTree = "<group>"; };
		93CB43471BEA594700992134 /* DEMPrefix-Header.h */ = {isa = PBXFileReference; lastKnownFileType = sourcecode.c.h; path = "DEMPrefix-Header.h"; sourceTree = "<group>"; };
		93CB43481BEA5D8C00992134 /* DEMWave.h */ = {isa = PBXFileReference; fileEncoding = 4; lastKnownFileType = sourcecode.c.h; path = DEMWave.h; sourceTree = "<group>"; };
		93CB43491BEA5D8C00992134 /* DEMWave.m */ = {isa = PBXFileReference; fileEncoding = 4; lastKnownFileType = sourcecode.c.objc; path = DEMWave.m; sourceTree = "<group>"; };
		A681A05573403E4E62047105 /* Pods_Demo1Tests.framework */ = {isa = PBXFileReference; explicitFileType = wrapper.framework; includeInIndex = 0; path = Pods_Demo1Tests.framework; sourceTree = BUILT_PRODUCTS_DIR; };
		C80D8E5EB4F07368B3B4CC2C /* Pods-Demo1Tests.release.xcconfig */ = {isa = PBXFileReference; includeInIndex = 1; lastKnownFileType = text.xcconfig; name = "Pods-Demo1Tests.release.xcconfig"; path = "Pods/Target Support Files/Pods-Demo1Tests/Pods-Demo1Tests.release.xcconfig"; sourceTree = "<group>"; };
		CDDC09EE2B121FC82D96597A /* Pods-Demo1.release.xcconfig */ = {isa = PBXFileReference; includeInIndex = 1; lastKnownFileType = text.xcconfig; name = "Pods-Demo1.release.xcconfig"; path = "Pods/Target Support Files/Pods-Demo1/Pods-Demo1.release.xcconfig"; sourceTree = "<group>"; };
		D815CE3EA7C2B65981FD82A3 /* Pods-Demo1Tests.debug.xcconfig */ = {isa = PBXFileReference; includeInIndex = 1; lastKnownFileType = text.xcconfig; name = "Pods-Demo1Tests.debug.xcconfig"; path = "Pods/Target Support Files/Pods-Demo1Tests/Pods-Demo1Tests.debug.xcconfig"; sourceTree = "<group>"; };
/* End PBXFileReference section */

/* Begin PBXFrameworksBuildPhase section */
		93BFF3E11BE646E200EB4B29 /* Frameworks */ = {
			isa = PBXFrameworksBuildPhase;
			buildActionMask = 2147483647;
			files = (
				E2130BA60C35D8CD16147B26 /* Pods_Demo1.framework in Frameworks */,
			);
			runOnlyForDeploymentPostprocessing = 0;
		};
		93BFF3FA1BE646E200EB4B29 /* Frameworks */ = {
			isa = PBXFrameworksBuildPhase;
			buildActionMask = 2147483647;
			files = (
				B7CB441D062B7C5F3C55FE60 /* Pods_Demo1Tests.framework in Frameworks */,
			);
			runOnlyForDeploymentPostprocessing = 0;
		};
/* End PBXFrameworksBuildPhase section */

/* Begin PBXGroup section */
		1244560AD0C88919EC909A30 /* Frameworks */ = {
			isa = PBXGroup;
			children = (
				72F039815E1FD4EA46FFC19A /* Pods_Demo1.framework */,
				A681A05573403E4E62047105 /* Pods_Demo1Tests.framework */,
			);
			name = Frameworks;
			sourceTree = "<group>";
		};
		930F70D31BE652DA00F18626 /* Views */ = {
			isa = PBXGroup;
			children = (
				930F70E41BE6585A00F18626 /* Cell */,
				93BFF40D1BE64B5B00EB4B29 /* DEMBaseVC.h */,
				93BFF40E1BE64B5B00EB4B29 /* DEMBaseVC.m */,
				930F70D41BE652FD00F18626 /* DEMStoreVC.h */,
				930F70D51BE652FD00F18626 /* DEMStoreVC.m */,
			);
			name = Views;
			sourceTree = "<group>";
		};
		930F70DA1BE6535C00F18626 /* Store */ = {
			isa = PBXGroup;
			children = (
				930F70DB1BE653BB00F18626 /* DEMStoreItem.h */,
				930F70D71BE6535900F18626 /* DEMStoreVM.h */,
				930F70D81BE6535900F18626 /* DEMStoreVM.m */,
				930F70DC1BE6557A00F18626 /* DEMGravizzappa.h */,
				930F70DD1BE6557A00F18626 /* DEMGravizzappa.m */,
			);
			name = Store;
			sourceTree = "<group>";
		};
		930F70E41BE6585A00F18626 /* Cell */ = {
			isa = PBXGroup;
			children = (
				930F70E51BE6589200F18626 /* DEMStoreItemCell.h */,
				930F70E61BE6589200F18626 /* DEMStoreItemCell.m */,
			);
			name = Cell;
			sourceTree = "<group>";
		};
		930F70F11BE65E2B00F18626 /* Models */ = {
			isa = PBXGroup;
			children = (
				93CB43331BEA3CFC00992134 /* GameCore */,
				930F70F31BE670AB00F18626 /* Warehouse */,
				93BFF4111BE64D6100EB4B29 /* DEMMotherShipVM.h */,
				93BFF4121BE64D6100EB4B29 /* DEMMotherShipVM.m */,
				930F70ED1BE65E2100F18626 /* DEMEnergyCellModel.h */,
				930F70EE1BE65E2100F18626 /* DEMEnergyCellModel.m */,
			);
			name = Models;
			sourceTree = "<group>";
		};
		930F70F31BE670AB00F18626 /* Warehouse */ = {
			isa = PBXGroup;
			children = (
				930F70F21BE6667000F18626 /* DEMWarehouseItem.h */,
				930F70E91BE65D8A00F18626 /* DEMWarehouseVM.h */,
				930F70EA1BE65D8A00F18626 /* DEMWarehouseVM.m */,
			);
			name = Warehouse;
			sourceTree = "<group>";
		};
		93BFF3DB1BE646E200EB4B29 = {
			isa = PBXGroup;
			children = (
				93BFF3E61BE646E200EB4B29 /* Demo1 */,
				93BFF4001BE646E200EB4B29 /* Demo1Tests */,
				93BFF3E51BE646E200EB4B29 /* Products */,
				F69749A520297BDE27B358A7 /* Pods */,
				1244560AD0C88919EC909A30 /* Frameworks */,
			);
			sourceTree = "<group>";
		};
		93BFF3E51BE646E200EB4B29 /* Products */ = {
			isa = PBXGroup;
			children = (
				93BFF3E41BE646E200EB4B29 /* Demo1.app */,
				93BFF3FD1BE646E200EB4B29 /* Demo1Tests.xctest */,
			);
			name = Products;
			sourceTree = "<group>";
		};
		93BFF3E61BE646E200EB4B29 /* Demo1 */ = {
			isa = PBXGroup;
			children = (
				93BFF4101BE64D2D00EB4B29 /* Model */,
				93BFF3EA1BE646E200EB4B29 /* AppDelegate.h */,
				93BFF3EB1BE646E200EB4B29 /* AppDelegate.m */,
				93BFF3ED1BE646E200EB4B29 /* ViewController.h */,
				93BFF3EE1BE646E200EB4B29 /* ViewController.m */,
				93BFF3F01BE646E200EB4B29 /* Main.storyboard */,
				93BFF3F31BE646E200EB4B29 /* Assets.xcassets */,
				93BFF3F51BE646E200EB4B29 /* LaunchScreen.storyboard */,
				93BFF3F81BE646E200EB4B29 /* Info.plist */,
				93BFF3E71BE646E200EB4B29 /* Supporting Files */,
				930F70D31BE652DA00F18626 /* Views */,
			);
			path = Demo1;
			sourceTree = "<group>";
		};
		93BFF3E71BE646E200EB4B29 /* Supporting Files */ = {
			isa = PBXGroup;
			children = (
				93BFF3E81BE646E200EB4B29 /* main.m */,
				93CB43471BEA594700992134 /* DEMPrefix-Header.h */,
			);
			name = "Supporting Files";
			sourceTree = "<group>";
		};
		93BFF4001BE646E200EB4B29 /* Demo1Tests */ = {
			isa = PBXGroup;
			children = (
				93CB433D1BEA44F500992134 /* DEMGameEngineSpec.m */,
				93CB43351BEA3F6F00992134 /* DEMMotherShipVMSpec.m */,
				93CB43411BEA53DE00992134 /* DEMStoreVMSpec.m */,
				93CB413F1BE9DD5B00992134 /* DEMWarehouseVMSpec.m */,
				932BE4841BEA6B4200201FA3 /* DEMWaveSpec.m */,
				93BFF4031BE646E200EB4B29 /* Info.plist */,
			);
			path = Demo1Tests;
			sourceTree = "<group>";
		};
		93BFF4101BE64D2D00EB4B29 /* Model */ = {
			isa = PBXGroup;
			children = (
				930F70DA1BE6535C00F18626 /* Store */,
				930F70E01BE6572B00F18626 /* DEMGameVM.h */,
				930F70E11BE6572B00F18626 /* DEMGameVM.m */,
				930F70F11BE65E2B00F18626 /* Models */,
			);
			name = Model;
			sourceTree = "<group>";
		};
		93CB43331BEA3CFC00992134 /* GameCore */ = {
			isa = PBXGroup;
			children = (
				93CB434C1BEA5DF400992134 /* Wave */,
				93CB43341BEA3DB300992134 /* DEMBattleProtocol.h */,
				93CB43371BEA42D900992134 /* DEMGameCore.h */,
				93CB43381BEA42D900992134 /* DEMGameCore.m */,
				93CB433A1BEA43B100992134 /* DEMGameEngine.h */,
				93CB433B1BEA43B100992134 /* DEMGameEngine.m */,
				93CB43401BEA4D5800992134 /* DEMGameEngineProtocol.h */,
			);
			name = GameCore;
			sourceTree = "<group>";
		};
		93CB434C1BEA5DF400992134 /* Wave */ = {
			isa = PBXGroup;
			children = (
				93CB43481BEA5D8C00992134 /* DEMWave.h */,
				93CB43491BEA5D8C00992134 /* DEMWave.m */,
				93CB43431BEA58FE00992134 /* DEMWaveEngine.h */,
				93CB43441BEA58FE00992134 /* DEMWaveEngine.m */,
			);
			name = Wave;
			sourceTree = "<group>";
		};
		F69749A520297BDE27B358A7 /* Pods */ = {
			isa = PBXGroup;
			children = (
				77D90EAE768F62B9B31204C2 /* Pods-Demo1.debug.xcconfig */,
				CDDC09EE2B121FC82D96597A /* Pods-Demo1.release.xcconfig */,
				D815CE3EA7C2B65981FD82A3 /* Pods-Demo1Tests.debug.xcconfig */,
				C80D8E5EB4F07368B3B4CC2C /* Pods-Demo1Tests.release.xcconfig */,
			);
			name = Pods;
			sourceTree = "<group>";
		};
/* End PBXGroup section */

/* Begin PBXNativeTarget section */
		93BFF3E31BE646E200EB4B29 /* Demo1 */ = {
			isa = PBXNativeTarget;
			buildConfigurationList = 93BFF4061BE646E200EB4B29 /* Build configuration list for PBXNativeTarget "Demo1" */;
			buildPhases = (
				8D98B65EEF346A0BB84EC293 /* Check Pods Manifest.lock */,
				93BFF3E01BE646E200EB4B29 /* Sources */,
				93BFF3E11BE646E200EB4B29 /* Frameworks */,
				93BFF3E21BE646E200EB4B29 /* Resources */,
				93BFF40C1BE649CA00EB4B29 /* Increment build */,
				A9280A5EFB644DB9C42AF15D /* Embed Pods Frameworks */,
				8CDC0EE7C689F910A3CD3F14 /* Copy Pods Resources */,
			);
			buildRules = (
			);
			dependencies = (
			);
			name = Demo1;
			productName = Demo1;
			productReference = 93BFF3E41BE646E200EB4B29 /* Demo1.app */;
			productType = "com.apple.product-type.application";
		};
		93BFF3FC1BE646E200EB4B29 /* Demo1Tests */ = {
			isa = PBXNativeTarget;
			buildConfigurationList = 93BFF4091BE646E200EB4B29 /* Build configuration list for PBXNativeTarget "Demo1Tests" */;
			buildPhases = (
				7B7D9CEACA7CEA202D5AACEB /* Check Pods Manifest.lock */,
				93BFF3F91BE646E200EB4B29 /* Sources */,
				93BFF3FA1BE646E200EB4B29 /* Frameworks */,
				93BFF3FB1BE646E200EB4B29 /* Resources */,
				0D126F2BFDD1BA4EE6B8A3E2 /* Embed Pods Frameworks */,
				34D33C610513FD44E2BE7C83 /* Copy Pods Resources */,
			);
			buildRules = (
			);
			dependencies = (
				93BFF3FF1BE646E200EB4B29 /* PBXTargetDependency */,
			);
			name = Demo1Tests;
			productName = Demo1Tests;
			productReference = 93BFF3FD1BE646E200EB4B29 /* Demo1Tests.xctest */;
			productType = "com.apple.product-type.bundle.unit-test";
		};
/* End PBXNativeTarget section */

/* Begin PBXProject section */
		93BFF3DC1BE646E200EB4B29 /* Project object */ = {
			isa = PBXProject;
			attributes = {
				LastUpgradeCheck = 0710;
				ORGANIZATIONNAME = demo;
				TargetAttributes = {
					93BFF3E31BE646E200EB4B29 = {
						CreatedOnToolsVersion = 7.1;
					};
					93BFF3FC1BE646E200EB4B29 = {
						CreatedOnToolsVersion = 7.1;
					};
				};
			};
			buildConfigurationList = 93BFF3DF1BE646E200EB4B29 /* Build configuration list for PBXProject "Demo1" */;
			compatibilityVersion = "Xcode 3.2";
			developmentRegion = English;
			hasScannedForEncodings = 0;
			knownRegions = (
				en,
				Base,
			);
			mainGroup = 93BFF3DB1BE646E200EB4B29;
			productRefGroup = 93BFF3E51BE646E200EB4B29 /* Products */;
			projectDirPath = "";
			projectRoot = "";
			targets = (
				93BFF3E31BE646E200EB4B29 /* Demo1 */,
				93BFF3FC1BE646E200EB4B29 /* Demo1Tests */,
			);
		};
/* End PBXProject section */

/* Begin PBXResourcesBuildPhase section */
		93BFF3E21BE646E200EB4B29 /* Resources */ = {
			isa = PBXResourcesBuildPhase;
			buildActionMask = 2147483647;
			files = (
				93BFF3F71BE646E200EB4B29 /* LaunchScreen.storyboard in Resources */,
				93BFF3F41BE646E200EB4B29 /* Assets.xcassets in Resources */,
				93BFF3F21BE646E200EB4B29 /* Main.storyboard in Resources */,
			);
			runOnlyForDeploymentPostprocessing = 0;
		};
		93BFF3FB1BE646E200EB4B29 /* Resources */ = {
			isa = PBXResourcesBuildPhase;
			buildActionMask = 2147483647;
			files = (
			);
			runOnlyForDeploymentPostprocessing = 0;
		};
/* End PBXResourcesBuildPhase section */

/* Begin PBXShellScriptBuildPhase section */
		0D126F2BFDD1BA4EE6B8A3E2 /* Embed Pods Frameworks */ = {
			isa = PBXShellScriptBuildPhase;
			buildActionMask = 2147483647;
			files = (
			);
			inputPaths = (
			);
			name = "Embed Pods Frameworks";
			outputPaths = (
			);
			runOnlyForDeploymentPostprocessing = 0;
			shellPath = /bin/sh;
			shellScript = "\"${SRCROOT}/Pods/Target Support Files/Pods-Demo1Tests/Pods-Demo1Tests-frameworks.sh\"\n";
			showEnvVarsInLog = 0;
		};
		34D33C610513FD44E2BE7C83 /* Copy Pods Resources */ = {
			isa = PBXShellScriptBuildPhase;
			buildActionMask = 2147483647;
			files = (
			);
			inputPaths = (
			);
			name = "Copy Pods Resources";
			outputPaths = (
			);
			runOnlyForDeploymentPostprocessing = 0;
			shellPath = /bin/sh;
			shellScript = "\"${SRCROOT}/Pods/Target Support Files/Pods-Demo1Tests/Pods-Demo1Tests-resources.sh\"\n";
			showEnvVarsInLog = 0;
		};
		7B7D9CEACA7CEA202D5AACEB /* Check Pods Manifest.lock */ = {
			isa = PBXShellScriptBuildPhase;
			buildActionMask = 2147483647;
			files = (
			);
			inputPaths = (
			);
			name = "Check Pods Manifest.lock";
			outputPaths = (
			);
			runOnlyForDeploymentPostprocessing = 0;
			shellPath = /bin/sh;
			shellScript = "diff \"${PODS_ROOT}/../Podfile.lock\" \"${PODS_ROOT}/Manifest.lock\" > /dev/null\nif [[ $? != 0 ]] ; then\n    cat << EOM\nerror: The sandbox is not in sync with the Podfile.lock. Run 'pod install' or update your CocoaPods installation.\nEOM\n    exit 1\nfi\n";
			showEnvVarsInLog = 0;
		};
		8CDC0EE7C689F910A3CD3F14 /* Copy Pods Resources */ = {
			isa = PBXShellScriptBuildPhase;
			buildActionMask = 2147483647;
			files = (
			);
			inputPaths = (
			);
			name = "Copy Pods Resources";
			outputPaths = (
			);
			runOnlyForDeploymentPostprocessing = 0;
			shellPath = /bin/sh;
			shellScript = "\"${SRCROOT}/Pods/Target Support Files/Pods-Demo1/Pods-Demo1-resources.sh\"\n";
			showEnvVarsInLog = 0;
		};
		8D98B65EEF346A0BB84EC293 /* Check Pods Manifest.lock */ = {
			isa = PBXShellScriptBuildPhase;
			buildActionMask = 2147483647;
			files = (
			);
			inputPaths = (
			);
			name = "Check Pods Manifest.lock";
			outputPaths = (
			);
			runOnlyForDeploymentPostprocessing = 0;
			shellPath = /bin/sh;
			shellScript = "diff \"${PODS_ROOT}/../Podfile.lock\" \"${PODS_ROOT}/Manifest.lock\" > /dev/null\nif [[ $? != 0 ]] ; then\n    cat << EOM\nerror: The sandbox is not in sync with the Podfile.lock. Run 'pod install' or update your CocoaPods installation.\nEOM\n    exit 1\nfi\n";
			showEnvVarsInLog = 0;
		};
		93BFF40C1BE649CA00EB4B29 /* Increment build */ = {
			isa = PBXShellScriptBuildPhase;
			buildActionMask = 2147483647;
			files = (
			);
			inputPaths = (
			);
			name = "Increment build";
			outputPaths = (
			);
			runOnlyForDeploymentPostprocessing = 0;
			shellPath = /bin/sh;
			shellScript = "#!/bin/bash\nbuildNumber=$(/usr/libexec/PlistBuddy -c \"Print CFBundleVersion\" \"$INFOPLIST_FILE\")\nbuildNumber=$(($buildNumber + 1))\nbuildNumber=$(printf \"%d\" $buildNumber)\n/usr/libexec/PlistBuddy -c \"Set :CFBundleVersion $buildNumber\" \"$INFOPLIST_FILE\"";
		};
		A9280A5EFB644DB9C42AF15D /* Embed Pods Frameworks */ = {
			isa = PBXShellScriptBuildPhase;
			buildActionMask = 2147483647;
			files = (
			);
			inputPaths = (
			);
			name = "Embed Pods Frameworks";
			outputPaths = (
			);
			runOnlyForDeploymentPostprocessing = 0;
			shellPath = /bin/sh;
			shellScript = "\"${SRCROOT}/Pods/Target Support Files/Pods-Demo1/Pods-Demo1-frameworks.sh\"\n";
			showEnvVarsInLog = 0;
		};
/* End PBXShellScriptBuildPhase section */

/* Begin PBXSourcesBuildPhase section */
		93BFF3E01BE646E200EB4B29 /* Sources */ = {
			isa = PBXSourcesBuildPhase;
			buildActionMask = 2147483647;
			files = (
				93CB43451BEA58FE00992134 /* DEMWaveEngine.m in Sources */,
				930F70E21BE6572B00F18626 /* DEMGameVM.m in Sources */,
				93BFF40F1BE64B5B00EB4B29 /* DEMBaseVC.m in Sources */,
				93BFF3EF1BE646E200EB4B29 /* ViewController.m in Sources */,
				93CB43391BEA42D900992134 /* DEMGameCore.m in Sources */,
				93BFF3EC1BE646E200EB4B29 /* AppDelegate.m in Sources */,
				930F70EB1BE65D8A00F18626 /* DEMWarehouseVM.m in Sources */,
				93CB433C1BEA43B100992134 /* DEMGameEngine.m in Sources */,
				93BFF3E91BE646E200EB4B29 /* main.m in Sources */,
				930F70E71BE6589200F18626 /* DEMStoreItemCell.m in Sources */,
				93BFF4131BE64D6100EB4B29 /* DEMMotherShipVM.m in Sources */,
				930F70EF1BE65E2100F18626 /* DEMEnergyCellModel.m in Sources */,
				930F70DE1BE6557A00F18626 /* DEMGravizzappa.m in Sources */,
				93CB434A1BEA5D8C00992134 /* DEMWave.m in Sources */,
				930F70D91BE6535900F18626 /* DEMStoreVM.m in Sources */,
				930F70D61BE652FD00F18626 /* DEMStoreVC.m in Sources */,
			);
			runOnlyForDeploymentPostprocessing = 0;
		};
		93BFF3F91BE646E200EB4B29 /* Sources */ = {
			isa = PBXSourcesBuildPhase;
			buildActionMask = 2147483647;
			files = (
				930F70E81BE6589200F18626 /* DEMStoreItemCell.m in Sources */,
				93CB41411BE9E49000992134 /* DEMStoreVM.m in Sources */,
				93BFF4141BE64D6100EB4B29 /* DEMMotherShipVM.m in Sources */,
				93CB43361BEA3F6F00992134 /* DEMMotherShipVMSpec.m in Sources */,
				93CB43421BEA53DE00992134 /* DEMStoreVMSpec.m in Sources */,
				93CB433F1BEA45B200992134 /* DEMGameEngine.m in Sources */,
				93CB434B1BEA5D8C00992134 /* DEMWave.m in Sources */,
				930F70F01BE65E2100F18626 /* DEMEnergyCellModel.m in Sources */,
				930F70E31BE6572B00F18626 /* DEMGameVM.m in Sources */,
				930F70EC1BE65D8A00F18626 /* DEMWarehouseVM.m in Sources */,
				93CB43461BEA590600992134 /* DEMWaveEngine.m in Sources */,
				930F70DF1BE6557A00F18626 /* DEMGravizzappa.m in Sources */,
				932BE4851BEA6B4200201FA3 /* DEMWaveSpec.m in Sources */,
				93CB41401BE9DD5B00992134 /* DEMWarehouseVMSpec.m in Sources */,
				93CB433E1BEA44F500992134 /* DEMGameEngineSpec.m in Sources */,
			);
			runOnlyForDeploymentPostprocessing = 0;
		};
/* End PBXSourcesBuildPhase section */

/* Begin PBXTargetDependency section */
		93BFF3FF1BE646E200EB4B29 /* PBXTargetDependency */ = {
			isa = PBXTargetDependency;
			target = 93BFF3E31BE646E200EB4B29 /* Demo1 */;
			targetProxy = 93BFF3FE1BE646E200EB4B29 /* PBXContainerItemProxy */;
		};
/* End PBXTargetDependency section */

/* Begin PBXVariantGroup section */
		93BFF3F01BE646E200EB4B29 /* Main.storyboard */ = {
			isa = PBXVariantGroup;
			children = (
				93BFF3F11BE646E200EB4B29 /* Base */,
			);
			name = Main.storyboard;
			sourceTree = "<group>";
		};
		93BFF3F51BE646E200EB4B29 /* LaunchScreen.storyboard */ = {
			isa = PBXVariantGroup;
			children = (
				93BFF3F61BE646E200EB4B29 /* Base */,
			);
			name = LaunchScreen.storyboard;
			sourceTree = "<group>";
		};
/* End PBXVariantGroup section */

/* Begin XCBuildConfiguration section */
		93BFF4041BE646E200EB4B29 /* Debug */ = {
			isa = XCBuildConfiguration;
			buildSettings = {
				ALWAYS_SEARCH_USER_PATHS = NO;
				CLANG_CXX_LANGUAGE_STANDARD = "gnu++0x";
				CLANG_CXX_LIBRARY = "libc++";
				CLANG_ENABLE_MODULES = YES;
				CLANG_ENABLE_OBJC_ARC = YES;
				CLANG_WARN_BOOL_CONVERSION = YES;
				CLANG_WARN_CONSTANT_CONVERSION = YES;
				CLANG_WARN_DIRECT_OBJC_ISA_USAGE = YES_ERROR;
				CLANG_WARN_EMPTY_BODY = YES;
				CLANG_WARN_ENUM_CONVERSION = YES;
				CLANG_WARN_INT_CONVERSION = YES;
				CLANG_WARN_OBJC_ROOT_CLASS = YES_ERROR;
				CLANG_WARN_UNREACHABLE_CODE = YES;
				CLANG_WARN__DUPLICATE_METHOD_MATCH = YES;
				"CODE_SIGN_IDENTITY[sdk=iphoneos*]" = "iPhone Developer";
				COPY_PHASE_STRIP = NO;
				DEBUG_INFORMATION_FORMAT = dwarf;
				ENABLE_STRICT_OBJC_MSGSEND = YES;
				ENABLE_TESTABILITY = YES;
				GCC_C_LANGUAGE_STANDARD = gnu99;
				GCC_DYNAMIC_NO_PIC = NO;
				GCC_NO_COMMON_BLOCKS = YES;
				GCC_OPTIMIZATION_LEVEL = 0;
				GCC_PREPROCESSOR_DEFINITIONS = (
					"DEBUG=1",
					"$(inherited)",
				);
				GCC_WARN_64_TO_32_BIT_CONVERSION = YES;
				GCC_WARN_ABOUT_RETURN_TYPE = YES_ERROR;
				GCC_WARN_UNDECLARED_SELECTOR = YES;
				GCC_WARN_UNINITIALIZED_AUTOS = YES_AGGRESSIVE;
				GCC_WARN_UNUSED_FUNCTION = YES;
				GCC_WARN_UNUSED_VARIABLE = YES;
				IPHONEOS_DEPLOYMENT_TARGET = 9.1;
				MTL_ENABLE_DEBUG_INFO = YES;
				ONLY_ACTIVE_ARCH = YES;
				SDKROOT = iphoneos;
			};
			name = Debug;
		};
		93BFF4051BE646E200EB4B29 /* Release */ = {
			isa = XCBuildConfiguration;
			buildSettings = {
				ALWAYS_SEARCH_USER_PATHS = NO;
				CLANG_CXX_LANGUAGE_STANDARD = "gnu++0x";
				CLANG_CXX_LIBRARY = "libc++";
				CLANG_ENABLE_MODULES = YES;
				CLANG_ENABLE_OBJC_ARC = YES;
				CLANG_WARN_BOOL_CONVERSION = YES;
				CLANG_WARN_CONSTANT_CONVERSION = YES;
				CLANG_WARN_DIRECT_OBJC_ISA_USAGE = YES_ERROR;
				CLANG_WARN_EMPTY_BODY = YES;
				CLANG_WARN_ENUM_CONVERSION = YES;
				CLANG_WARN_INT_CONVERSION = YES;
				CLANG_WARN_OBJC_ROOT_CLASS = YES_ERROR;
				CLANG_WARN_UNREACHABLE_CODE = YES;
				CLANG_WARN__DUPLICATE_METHOD_MATCH = YES;
				"CODE_SIGN_IDENTITY[sdk=iphoneos*]" = "iPhone Developer";
				COPY_PHASE_STRIP = NO;
				DEBUG_INFORMATION_FORMAT = "dwarf-with-dsym";
				ENABLE_NS_ASSERTIONS = NO;
				ENABLE_STRICT_OBJC_MSGSEND = YES;
				GCC_C_LANGUAGE_STANDARD = gnu99;
				GCC_NO_COMMON_BLOCKS = YES;
				GCC_WARN_64_TO_32_BIT_CONVERSION = YES;
				GCC_WARN_ABOUT_RETURN_TYPE = YES_ERROR;
				GCC_WARN_UNDECLARED_SELECTOR = YES;
				GCC_WARN_UNINITIALIZED_AUTOS = YES_AGGRESSIVE;
				GCC_WARN_UNUSED_FUNCTION = YES;
				GCC_WARN_UNUSED_VARIABLE = YES;
				IPHONEOS_DEPLOYMENT_TARGET = 9.1;
				MTL_ENABLE_DEBUG_INFO = NO;
				SDKROOT = iphoneos;
				VALIDATE_PRODUCT = YES;
			};
			name = Release;
		};
		93BFF4071BE646E200EB4B29 /* Debug */ = {
			isa = XCBuildConfiguration;
			baseConfigurationReference = 77D90EAE768F62B9B31204C2 /* Pods-Demo1.debug.xcconfig */;
			buildSettings = {
				ASSETCATALOG_COMPILER_APPICON_NAME = AppIcon;
				GCC_PRECOMPILE_PREFIX_HEADER = YES;
				GCC_PREFIX_HEADER = "Demo1/DEMPrefix-Header.h";
				INFOPLIST_FILE = Demo1/Info.plist;
				IPHONEOS_DEPLOYMENT_TARGET = 8.0;
				LD_RUNPATH_SEARCH_PATHS = "$(inherited) @executable_path/Frameworks";
				PRODUCT_BUNDLE_IDENTIFIER = demo.Demo1;
				PRODUCT_NAME = "$(TARGET_NAME)";
			};
			name = Debug;
		};
		93BFF4081BE646E200EB4B29 /* Release */ = {
			isa = XCBuildConfiguration;
			baseConfigurationReference = CDDC09EE2B121FC82D96597A /* Pods-Demo1.release.xcconfig */;
			buildSettings = {
				ASSETCATALOG_COMPILER_APPICON_NAME = AppIcon;
				GCC_PRECOMPILE_PREFIX_HEADER = YES;
				GCC_PREFIX_HEADER = "Demo1/DEMPrefix-Header.h";
				INFOPLIST_FILE = Demo1/Info.plist;
				IPHONEOS_DEPLOYMENT_TARGET = 8.0;
				LD_RUNPATH_SEARCH_PATHS = "$(inherited) @executable_path/Frameworks";
				PRODUCT_BUNDLE_IDENTIFIER = demo.Demo1;
				PRODUCT_NAME = "$(TARGET_NAME)";
			};
			name = Release;
		};
		93BFF40A1BE646E200EB4B29 /* Debug */ = {
			isa = XCBuildConfiguration;
			baseConfigurationReference = D815CE3EA7C2B65981FD82A3 /* Pods-Demo1Tests.debug.xcconfig */;
			buildSettings = {
				GCC_PRECOMPILE_PREFIX_HEADER = YES;
				GCC_PREFIX_HEADER = "Demo1/DEMPrefix-Header.h";
				INFOPLIST_FILE = Demo1Tests/Info.plist;
				LD_RUNPATH_SEARCH_PATHS = "$(inherited) @executable_path/Frameworks @loader_path/Frameworks";
				PRODUCT_BUNDLE_IDENTIFIER = demo.Demo1Tests;
				PRODUCT_NAME = "$(TARGET_NAME)";
			};
			name = Debug;
		};
		93BFF40B1BE646E200EB4B29 /* Release */ = {
			isa = XCBuildConfiguration;
			baseConfigurationReference = C80D8E5EB4F07368B3B4CC2C /* Pods-Demo1Tests.release.xcconfig */;
			buildSettings = {
				GCC_PRECOMPILE_PREFIX_HEADER = YES;
				GCC_PREFIX_HEADER = "Demo1/DEMPrefix-Header.h";
				INFOPLIST_FILE = Demo1Tests/Info.plist;
				LD_RUNPATH_SEARCH_PATHS = "$(inherited) @executable_path/Frameworks @loader_path/Frameworks";
				PRODUCT_BUNDLE_IDENTIFIER = demo.Demo1Tests;
				PRODUCT_NAME = "$(TARGET_NAME)";
			};
			name = Release;
		};
/* End XCBuildConfiguration section */

/* Begin XCConfigurationList section */
		93BFF3DF1BE646E200EB4B29 /* Build configuration list for PBXProject "Demo1" */ = {
			isa = XCConfigurationList;
			buildConfigurations = (
				93BFF4041BE646E200EB4B29 /* Debug */,
				93BFF4051BE646E200EB4B29 /* Release */,
			);
			defaultConfigurationIsVisible = 0;
			defaultConfigurationName = Release;
		};
		93BFF4061BE646E200EB4B29 /* Build configuration list for PBXNativeTarget "Demo1" */ = {
			isa = XCConfigurationList;
			buildConfigurations = (
				93BFF4071BE646E200EB4B29 /* Debug */,
				93BFF4081BE646E200EB4B29 /* Release */,
			);
			defaultConfigurationIsVisible = 0;
			defaultConfigurationName = Release;
		};
		93BFF4091BE646E200EB4B29 /* Build configuration list for PBXNativeTarget "Demo1Tests" */ = {
			isa = XCConfigurationList;
			buildConfigurations = (
				93BFF40A1BE646E200EB4B29 /* Debug */,
				93BFF40B1BE646E200EB4B29 /* Release */,
			);
			defaultConfigurationIsVisible = 0;
			defaultConfigurationName = Release;
		};
/* End XCConfigurationList section */
	};
	rootObject = 93BFF3DC1BE646E200EB4B29 /* Project object */;
}
